
Microsoft Visual Studio Solution File, Format Version 12.00
# Visual Studio Version 17
VisualStudioVersion = 17.4.33110.190
MinimumVisualStudioVersion = 10.0.40219.1
Project("{FAE04EC0-301F-11D3-BF4B-00C04F79EFBC}") = "ClassBasic", "ClassBasic\ClassBasic.csproj", "{CCAB3B40-2678-4DC0-8506-2FF4DD4F0271}"
EndProject
Project("{FAE04EC0-301F-11D3-BF4B-00C04F79EFBC}") = "Array", "Array\Array.csproj", "{46A72568-D9DC-41B5-B37E-7BD4873BC09C}"
EndProject
Project("{FAE04EC0-301F-11D3-BF4B-00C04F79EFBC}") = "String", "String\String.csproj", "{D8E8ACCC-F797-4E09-92E7-DEB9BE34F0FE}"
EndProject
Project("{FAE04EC0-301F-11D3-BF4B-00C04F79EFBC}") = "Enum", "Enum\Enum.csproj", "{1B6C6E55-96E9-45FD-8E89-6C6910CF1BA7}"
EndProject
Global
	GlobalSection(SolutionConfigurationPlatforms) = preSolution
		Debug|Any CPU = Debug|Any CPU
		Release|Any CPU = Release|Any CPU
	EndGlobalSection
	GlobalSection(ProjectConfigurationPlatforms) = postSolution
		{CCAB3B40-2678-4DC0-8506-2FF4DD4F0271}.Debug|Any CPU.ActiveCfg = Debug|Any CPU
		{CCAB3B40-2678-4DC0-8506-2FF4DD4F0271}.Debug|Any CPU.Build.0 = Debug|Any CPU
		{CCAB3B40-2678-4DC0-8506-2FF4DD4F0271}.Release|Any CPU.ActiveCfg = Release|Any CPU
		{CCAB3B40-2678-4DC0-8506-2FF4DD4F0271}.Release|Any CPU.Build.0 = Release|Any CPU
		{46A72568-D9DC-41B5-B37E-7BD4873BC09C}.Debug|Any CPU.ActiveCfg = Debug|Any CPU
		{46A72568-D9DC-41B5-B37E-7BD4873BC09C}.Debug|Any CPU.Build.0 = Debug|Any CPU
		{46A72568-D9DC-41B5-B37E-7BD4873BC09C}.Release|Any CPU.ActiveCfg = Release|Any CPU
		{46A72568-D9DC-41B5-B37E-7BD4873BC09C}.Release|Any CPU.Build.0 = Release|Any CPU
		{D8E8ACCC-F797-4E09-92E7-DEB9BE34F0FE}.Debug|Any CPU.ActiveCfg = Debug|Any CPU
		{D8E8ACCC-F797-4E09-92E7-DEB9BE34F0FE}.Debug|Any CPU.Build.0 = Debug|Any CPU
		{D8E8ACCC-F797-4E09-92E7-DEB9BE34F0FE}.Release|Any CPU.ActiveCfg = Release|Any CPU
		{D8E8ACCC-F797-4E09-92E7-DEB9BE34F0FE}.Release|Any CPU.Build.0 = Release|Any CPU
		{1B6C6E55-96E9-45FD-8E89-6C6910CF1BA7}.Debug|Any CPU.ActiveCfg = Debug|Any CPU
		{1B6C6E55-96E9-45FD-8E89-6C6910CF1BA7}.Debug|Any CPU.Build.0 = Debug|Any CPU
		{1B6C6E55-96E9-45FD-8E89-6C6910CF1BA7}.Release|Any CPU.ActiveCfg = Release|Any CPU
		{1B6C6E55-96E9-45FD-8E89-6C6910CF1BA7}.Release|Any CPU.Build.0 = Release|Any CPU
	EndGlobalSection
	GlobalSection(SolutionProperties) = preSolution
		HideSolutionNode = FALSE
	EndGlobalSection
	GlobalSection(ExtensibilityGlobals) = postSolution
		SolutionGuid = {6D6BFE72-8E15-4A22-AF58-91C25825ACDA}
	EndGlobalSection
EndGlobal
